PODS:
  - DCPathButton (2.1.4)
  - SVProgressHUD (2.1.2)
  - YYCategories (1.0.4):
    - YYCategories/no-arc (= 1.0.4)
  - YYCategories/no-arc (1.0.4)
  - YYText (1.0)

DEPENDENCIES:
  - DCPathButton
  - SVProgressHUD
  - YYCategories
  - YYText (= 1.0.0)

SPEC CHECKSUMS:
  DCPathButton: 99c8211ef3eafc3b438c917a4c7b4502fa77eee7
  SVProgressHUD: c404a55d78acbeb7ebb78b76d3faf986475a6994
  YYCategories: 6bcd4314c6661a561410dce4a793379ebd306abd
  YYText: 3d061eb8bd1e644efa87e6d4cf5dd2663d76c887

PODFILE CHECKSUM: 82441fe12c8841f5960a9060d7b10fad0b957c70

COCOAPODS: 1.1.1
